# This file is autogenerated, do not edit; changes may be undone by the next 'dep ensure'.


[[projects]]
  branch = "master"
  digest = "1:06ea4af01419d7fc892e8c1ccf3b3ed18aaae7a7fe4a1e2560c6190e12e785d3"
  name = "github.com/Sugi275/oci-env-configprovider"
  packages = ["envprovider"]
  pruneopts = "UT"
  revision = "221d8b74f9580179b0966b8705676e76ed98c780"

[[projects]]
  digest = "1:c665ac9fd8cedb7bea85380a441dec4e5de3c7d4574e18c6ba53dfe04cf50878"
  name = "github.com/oracle/oci-go-sdk"
  packages = [
    "common",
    "dns",
  ]
  pruneopts = "UT"
  revision = "f1ecb80f81a9cfa7dbfc964a34a3c62323277a9d"
  version = "v4.0.0"

[solve-meta]
  analyzer-name = "dep"
  analyzer-version = 1
  input-imports = [
    "github.com/Sugi275/oci-env-configprovider/envprovider",
    "github.com/oracle/oci-go-sdk/dns",
  ]
  solver-name = "gps-cdcl"
  solver-version = 1
